
Microsoft Visual Studio Solution File, Format Version 12.00
# Visual Studio Version 17
VisualStudioVersion = 17.14.36221.1 d17.14
MinimumVisualStudioVersion = 10.0.40219.1
Project("{FAE04EC0-301F-11D3-BF4B-00C04F79EFBC}") = "Profinder 1.0", "Profinder 1.0.csproj", "{33F7F0C8-BB09-464E-AC30-5DEB46A22E38}"
EndProject
Global
	GlobalSection(SolutionConfigurationPlatforms) = preSolution
		Debug|Any CPU = Debug|Any CPU
		Release|Any CPU = Release|Any CPU
	EndGlobalSection
	GlobalSection(ProjectConfigurationPlatforms) = postSolution
		{33F7F0C8-BB09-464E-AC30-5DEB46A22E38}.Debug|Any CPU.ActiveCfg = Debug|Any CPU
		{33F7F0C8-BB09-464E-AC30-5DEB46A22E38}.Debug|Any CPU.Build.0 = Debug|Any CPU
		{33F7F0C8-BB09-464E-AC30-5DEB46A22E38}.Debug|Any CPU.Deploy.0 = Debug|Any CPU
		{33F7F0C8-BB09-464E-AC30-5DEB46A22E38}.Release|Any CPU.ActiveCfg = Release|Any CPU
		{33F7F0C8-BB09-464E-AC30-5DEB46A22E38}.Release|Any CPU.Build.0 = Release|Any CPU
		{33F7F0C8-BB09-464E-AC30-5DEB46A22E38}.Release|Any CPU.Deploy.0 = Release|Any CPU
	EndGlobalSection
	GlobalSection(SolutionProperties) = preSolution
		HideSolutionNode = FALSE
	EndGlobalSection
	GlobalSection(ExtensibilityGlobals) = postSolution
		SolutionGuid = {08829EB9-9627-4F7C-813E-8A71D3F774AB}
	EndGlobalSection
EndGlobal
